
Microsoft Visual Studio Solution File, Format Version 12.00
# Visual Studio Version 17
VisualStudioVersion = 17.7.34018.315
MinimumVisualStudioVersion = 10.0.40219.1
Project("{FAE04EC0-301F-11D3-BF4B-00C04F79EFBC}") = "ListImplementation", "ListImplementation\ListImplementation.csproj", "{7F7F12FE-EEC0-483B-B726-88CBE05567CD}"
EndProject
Global
	GlobalSection(SolutionConfigurationPlatforms) = preSolution
		Debug|Any CPU = Debug|Any CPU
		Release|Any CPU = Release|Any CPU
	EndGlobalSection
	GlobalSection(ProjectConfigurationPlatforms) = postSolution
		{7F7F12FE-EEC0-483B-B726-88CBE05567CD}.Debug|Any CPU.ActiveCfg = Debug|Any CPU
		{7F7F12FE-EEC0-483B-B726-88CBE05567CD}.Debug|Any CPU.Build.0 = Debug|Any CPU
		{7F7F12FE-EEC0-483B-B726-88CBE05567CD}.Release|Any CPU.ActiveCfg = Release|Any CPU
		{7F7F12FE-EEC0-483B-B726-88CBE05567CD}.Release|Any CPU.Build.0 = Release|Any CPU
	EndGlobalSection
	GlobalSection(SolutionProperties) = preSolution
		HideSolutionNode = FALSE
	EndGlobalSection
	GlobalSection(ExtensibilityGlobals) = postSolution
		SolutionGuid = {FFFA04DC-B862-4191-A056-208C83954151}
	EndGlobalSection
EndGlobal
